// !$*UTF8*$!
{
	archiveVersion = 1;
	classes = {
	};
	objectVersion = 46;
	objects = {

/* Begin PBXBuildFile section */
		3A7BA2BF1E190C6A00C79F39 /* Extensions.swift in Sources */ = {isa = PBXBuildFile; fileRef = 3A7BA2BE1E190C6A00C79F39 /* Extensions.swift */; };
		3A7BA2C21E190E7C00C79F39 /* Store.swift in Sources */ = {isa = PBXBuildFile; fileRef = 3A7BA2C11E190E7C00C79F39 /* Store.swift */; };
		3A7BA2C41E19102A00C79F39 /* ServiceHandler.swift in Sources */ = {isa = PBXBuildFile; fileRef = 3A7BA2C31E19102A00C79F39 /* ServiceHandler.swift */; };
		3A7BA2C71E191B5900C79F39 /* StoreCellTableViewCell.swift in Sources */ = {isa = PBXBuildFile; fileRef = 3A7BA2C61E191B5900C79F39 /* StoreCellTableViewCell.swift */; };
		3A7BA2CF1E19220600C79F39 /* MapViewController.swift in Sources */ = {isa = PBXBuildFile; fileRef = 3A7BA2CE1E19220600C79F39 /* MapViewController.swift */; };
		3A7BA2D21E19283300C79F39 /* Toast.swift in Sources */ = {isa = PBXBuildFile; fileRef = 3A7BA2D11E19283300C79F39 /* Toast.swift */; };
		3AA9AB901E16A97800F6ECF8 /* AppDelegate.swift in Sources */ = {isa = PBXBuildFile; fileRef = 3AA9AB8F1E16A97800F6ECF8 /* AppDelegate.swift */; };
		3AA9AB921E16A97800F6ECF8 /* ViewController.swift in Sources */ = {isa = PBXBuildFile; fileRef = 3AA9AB911E16A97800F6ECF8 /* ViewController.swift */; };
		3AA9AB951E16A97800F6ECF8 /* Main.storyboard in Resources */ = {isa = PBXBuildFile; fileRef = 3AA9AB931E16A97800F6ECF8 /* Main.storyboard */; };
		3AA9AB971E16A97800F6ECF8 /* Assets.xcassets in Resources */ = {isa = PBXBuildFile; fileRef = 3AA9AB961E16A97800F6ECF8 /* Assets.xcassets */; };
		3AA9AB9A1E16A97800F6ECF8 /* LaunchScreen.storyboard in Resources */ = {isa = PBXBuildFile; fileRef = 3AA9AB981E16A97800F6ECF8 /* LaunchScreen.storyboard */; };
		3AA9ABA51E16A97800F6ECF8 /* Assignment1Tests.swift in Sources */ = {isa = PBXBuildFile; fileRef = 3AA9ABA41E16A97800F6ECF8 /* Assignment1Tests.swift */; };
		3AA9ABB01E16A97800F6ECF8 /* Assignment1UITests.swift in Sources */ = {isa = PBXBuildFile; fileRef = 3AA9ABAF1E16A97800F6ECF8 /* Assignment1UITests.swift */; };
		3AA9ABBE1E16A9D600F6ECF8 /* CoreLocation.framework in Frameworks */ = {isa = PBXBuildFile; fileRef = 3AA9ABBD1E16A9D600F6ECF8 /* CoreLocation.framework */; };
		3AA9ABC31E16AA6E00F6ECF8 /* Constants.swift in Sources */ = {isa = PBXBuildFile; fileRef = 3AA9ABC21E16AA6E00F6ECF8 /* Constants.swift */; };
		3AA9ABC61E16AE1000F6ECF8 /* UrlSession.swift in Sources */ = {isa = PBXBuildFile; fileRef = 3AA9ABC51E16AE1000F6ECF8 /* UrlSession.swift */; };
		3AA9ABC81E16AE7600F6ECF8 /* Generals.swift in Sources */ = {isa = PBXBuildFile; fileRef = 3AA9ABC71E16AE7600F6ECF8 /* Generals.swift */; };
		E29F83CECEDC2EA1B02C273F /* libPods-Assignment1.a in Frameworks */ = {isa = PBXBuildFile; fileRef = F32430D05D358CB41B0110AB /* libPods-Assignment1.a */; };
/* End PBXBuildFile section */

/* Begin PBXContainerItemProxy section */
		3AA9ABA11E16A97800F6ECF8 /* PBXContainerItemProxy */ = {
			isa = PBXContainerItemProxy;
			containerPortal = 3AA9AB841E16A97800F6ECF8 /* Project object */;
			proxyType = 1;
			remoteGlobalIDString = 3AA9AB8B1E16A97800F6ECF8;
			remoteInfo = Assignment1;
		};
		3AA9ABAC1E16A97800F6ECF8 /* PBXContainerItemProxy */ = {
			isa = PBXContainerItemProxy;
			containerPortal = 3AA9AB841E16A97800F6ECF8 /* Project object */;
			proxyType = 1;
			remoteGlobalIDString = 3AA9AB8B1E16A97800F6ECF8;
			remoteInfo = Assignment1;
		};
/* End PBXContainerItemProxy section */

/* Begin PBXFileReference section */
		3A7BA2BE1E190C6A00C79F39 /* Extensions.swift */ = {isa = PBXFileReference; fileEncoding = 4; lastKnownFileType = sourcecode.swift; path = Extensions.swift; sourceTree = "<group>"; };
		3A7BA2C11E190E7C00C79F39 /* Store.swift */ = {isa = PBXFileReference; fileEncoding = 4; lastKnownFileType = sourcecode.swift; path = Store.swift; sourceTree = "<group>"; };
		3A7BA2C31E19102A00C79F39 /* ServiceHandler.swift */ = {isa = PBXFileReference; fileEncoding = 4; lastKnownFileType = sourcecode.swift; path = ServiceHandler.swift; sourceTree = "<group>"; };
		3A7BA2C61E191B5900C79F39 /* StoreCellTableViewCell.swift */ = {isa = PBXFileReference; fileEncoding = 4; lastKnownFileType = sourcecode.swift; path = StoreCellTableViewCell.swift; sourceTree = "<group>"; };
		3A7BA2C81E19210900C79F39 /* Assignment1-Bridging-Header.h */ = {isa = PBXFileReference; lastKnownFileType = sourcecode.c.h; path = "Assignment1-Bridging-Header.h"; sourceTree = "<group>"; };
		3A7BA2CE1E19220600C79F39 /* MapViewController.swift */ = {isa = PBXFileReference; fileEncoding = 4; lastKnownFileType = sourcecode.swift; path = MapViewController.swift; sourceTree = "<group>"; };
		3A7BA2D11E19283300C79F39 /* Toast.swift */ = {isa = PBXFileReference; fileEncoding = 4; lastKnownFileType = sourcecode.swift; path = Toast.swift; sourceTree = "<group>"; };
		3AA9AB8C1E16A97800F6ECF8 /* Assignment1.app */ = {isa = PBXFileReference; explicitFileType = wrapper.application; includeInIndex = 0; path = Assignment1.app; sourceTree = BUILT_PRODUCTS_DIR; };
		3AA9AB8F1E16A97800F6ECF8 /* AppDelegate.swift */ = {isa = PBXFileReference; lastKnownFileType = sourcecode.swift; path = AppDelegate.swift; sourceTree = "<group>"; };
		3AA9AB911E16A97800F6ECF8 /* ViewController.swift */ = {isa = PBXFileReference; lastKnownFileType = sourcecode.swift; path = ViewController.swift; sourceTree = "<group>"; };
		3AA9AB941E16A97800F6ECF8 /* Base */ = {isa = PBXFileReference; lastKnownFileType = file.storyboard; name = Base; path = Base.lproj/Main.storyboard; sourceTree = "<group>"; };
		3AA9AB961E16A97800F6ECF8 /* Assets.xcassets */ = {isa = PBXFileReference; lastKnownFileType = folder.assetcatalog; path = Assets.xcassets; sourceTree = "<group>"; };
		3AA9AB991E16A97800F6ECF8 /* Base */ = {isa = PBXFileReference; lastKnownFileType = file.storyboard; name = Base; path = Base.lproj/LaunchScreen.storyboard; sourceTree = "<group>"; };
		3AA9AB9B1E16A97800F6ECF8 /* Info.plist */ = {isa = PBXFileReference; lastKnownFileType = text.plist.xml; path = Info.plist; sourceTree = "<group>"; };
		3AA9ABA01E16A97800F6ECF8 /* Assignment1Tests.xctest */ = {isa = PBXFileReference; explicitFileType = wrapper.cfbundle; includeInIndex = 0; path = Assignment1Tests.xctest; sourceTree = BUILT_PRODUCTS_DIR; };
		3AA9ABA41E16A97800F6ECF8 /* Assignment1Tests.swift */ = {isa = PBXFileReference; lastKnownFileType = sourcecode.swift; path = Assignment1Tests.swift; sourceTree = "<group>"; };
		3AA9ABA61E16A97800F6ECF8 /* Info.plist */ = {isa = PBXFileReference; lastKnownFileType = text.plist.xml; path = Info.plist; sourceTree = "<group>"; };
		3AA9ABAB1E16A97800F6ECF8 /* Assignment1UITests.xctest */ = {isa = PBXFileReference; explicitFileType = wrapper.cfbundle; includeInIndex = 0; path = Assignment1UITests.xctest; sourceTree = BUILT_PRODUCTS_DIR; };
		3AA9ABAF1E16A97800F6ECF8 /* Assignment1UITests.swift */ = {isa = PBXFileReference; lastKnownFileType = sourcecode.swift; path = Assignment1UITests.swift; sourceTree = "<group>"; };
		3AA9ABB11E16A97800F6ECF8 /* Info.plist */ = {isa = PBXFileReference; lastKnownFileType = text.plist.xml; path = Info.plist; sourceTree = "<group>"; };
		3AA9ABBD1E16A9D600F6ECF8 /* CoreLocation.framework */ = {isa = PBXFileReference; lastKnownFileType = wrapper.framework; name = CoreLocation.framework; path = System/Library/Frameworks/CoreLocation.framework; sourceTree = SDKROOT; };
		3AA9ABC21E16AA6E00F6ECF8 /* Constants.swift */ = {isa = PBXFileReference; fileEncoding = 4; lastKnownFileType = sourcecode.swift; path = Constants.swift; sourceTree = "<group>"; };
		3AA9ABC51E16AE1000F6ECF8 /* UrlSession.swift */ = {isa = PBXFileReference; fileEncoding = 4; lastKnownFileType = sourcecode.swift; path = UrlSession.swift; sourceTree = "<group>"; };
		3AA9ABC71E16AE7600F6ECF8 /* Generals.swift */ = {isa = PBXFileReference; fileEncoding = 4; lastKnownFileType = sourcecode.swift; path = Generals.swift; sourceTree = "<group>"; };
		B0ECE2EF1BA505B48F98C880 /* Pods-Assignment1.debug.xcconfig */ = {isa = PBXFileReference; includeInIndex = 1; lastKnownFileType = text.xcconfig; name = "Pods-Assignment1.debug.xcconfig"; path = "Pods/Target Support Files/Pods-Assignment1/Pods-Assignment1.debug.xcconfig"; sourceTree = "<group>"; };
		DC4BB32BB3C5BBBBAD271508 /* Pods-Assignment1.release.xcconfig */ = {isa = PBXFileReference; includeInIndex = 1; lastKnownFileType = text.xcconfig; name = "Pods-Assignment1.release.xcconfig"; path = "Pods/Target Support Files/Pods-Assignment1/Pods-Assignment1.release.xcconfig"; sourceTree = "<group>"; };
		F32430D05D358CB41B0110AB /* libPods-Assignment1.a */ = {isa = PBXFileReference; explicitFileType = archive.ar; includeInIndex = 0; path = "libPods-Assignment1.a"; sourceTree = BUILT_PRODUCTS_DIR; };
/* End PBXFileReference section */

/* Begin PBXFrameworksBuildPhase section */
		3AA9AB891E16A97800F6ECF8 /* Frameworks */ = {
			isa = PBXFrameworksBuildPhase;
			buildActionMask = 2147483647;
			files = (
				3AA9ABBE1E16A9D600F6ECF8 /* CoreLocation.framework in Frameworks */,
				E29F83CECEDC2EA1B02C273F /* libPods-Assignment1.a in Frameworks */,
			);
			runOnlyForDeploymentPostprocessing = 0;
		};
		3AA9AB9D1E16A97800F6ECF8 /* Frameworks */ = {
			isa = PBXFrameworksBuildPhase;
			buildActionMask = 2147483647;
			files = (
			);
			runOnlyForDeploymentPostprocessing = 0;
		};
		3AA9ABA81E16A97800F6ECF8 /* Frameworks */ = {
			isa = PBXFrameworksBuildPhase;
			buildActionMask = 2147483647;
			files = (
			);
			runOnlyForDeploymentPostprocessing = 0;
		};
/* End PBXFrameworksBuildPhase section */

/* Begin PBXGroup section */
		3A7BA2C01E190E4F00C79F39 /* Models */ = {
			isa = PBXGroup;
			children = (
				3A7BA2C11E190E7C00C79F39 /* Store.swift */,
			);
			name = Models;
			sourceTree = "<group>";
		};
		3A7BA2C51E191B3E00C79F39 /* cells */ = {
			isa = PBXGroup;
			children = (
				3A7BA2C61E191B5900C79F39 /* StoreCellTableViewCell.swift */,
			);
			name = cells;
			sourceTree = "<group>";
		};
		3A7BA2CC1E19213900C79F39 /* Controller */ = {
			isa = PBXGroup;
			children = (
				3AA9AB911E16A97800F6ECF8 /* ViewController.swift */,
				3A7BA2CE1E19220600C79F39 /* MapViewController.swift */,
			);
			name = Controller;
			sourceTree = "<group>";
		};
		3A7BA2CD1E19214D00C79F39 /* WebService */ = {
			isa = PBXGroup;
			children = (
				3AA9ABC51E16AE1000F6ECF8 /* UrlSession.swift */,
				3A7BA2C31E19102A00C79F39 /* ServiceHandler.swift */,
			);
			name = WebService;
			sourceTree = "<group>";
		};
		3A7BA2D01E19281400C79F39 /* Vendors */ = {
			isa = PBXGroup;
			children = (
				3A7BA2D11E19283300C79F39 /* Toast.swift */,
			);
			name = Vendors;
			sourceTree = "<group>";
		};
		3AA9AB831E16A97800F6ECF8 = {
			isa = PBXGroup;
			children = (
				3AA9AB8E1E16A97800F6ECF8 /* Assignment1 */,
				3AA9ABA31E16A97800F6ECF8 /* Assignment1Tests */,
				3AA9ABAE1E16A97800F6ECF8 /* Assignment1UITests */,
				3AA9AB8D1E16A97800F6ECF8 /* Products */,
				7C7F0B46B1B9A2A214F89AF1 /* Pods */,
				96F05E61702D31A55D09D786 /* Frameworks */,
				3A7BA2C81E19210900C79F39 /* Assignment1-Bridging-Header.h */,
			);
			sourceTree = "<group>";
		};
		3AA9AB8D1E16A97800F6ECF8 /* Products */ = {
			isa = PBXGroup;
			children = (
				3AA9AB8C1E16A97800F6ECF8 /* Assignment1.app */,
				3AA9ABA01E16A97800F6ECF8 /* Assignment1Tests.xctest */,
				3AA9ABAB1E16A97800F6ECF8 /* Assignment1UITests.xctest */,
			);
			name = Products;
			sourceTree = "<group>";
		};
		3AA9AB8E1E16A97800F6ECF8 /* Assignment1 */ = {
			isa = PBXGroup;
			children = (
				3AA9AB8F1E16A97800F6ECF8 /* AppDelegate.swift */,
				3A7BA2CC1E19213900C79F39 /* Controller */,
				3A7BA2C51E191B3E00C79F39 /* cells */,
				3A7BA2C01E190E4F00C79F39 /* Models */,
				3AA9ABC11E16AA5600F6ECF8 /* Uilities */,
				3A7BA2CD1E19214D00C79F39 /* WebService */,
				3AA9ABC41E16ABFA00F6ECF8 /* Framework */,
				3A7BA2D01E19281400C79F39 /* Vendors */,
				3AA9AB931E16A97800F6ECF8 /* Main.storyboard */,
				3AA9AB961E16A97800F6ECF8 /* Assets.xcassets */,
				3AA9AB981E16A97800F6ECF8 /* LaunchScreen.storyboard */,
				3AA9AB9B1E16A97800F6ECF8 /* Info.plist */,
			);
			path = Assignment1;
			sourceTree = "<group>";
		};
		3AA9ABA31E16A97800F6ECF8 /* Assignment1Tests */ = {
			isa = PBXGroup;
			children = (
				3AA9ABA41E16A97800F6ECF8 /* Assignment1Tests.swift */,
				3AA9ABA61E16A97800F6ECF8 /* Info.plist */,
			);
			path = Assignment1Tests;
			sourceTree = "<group>";
		};
		3AA9ABAE1E16A97800F6ECF8 /* Assignment1UITests */ = {
			isa = PBXGroup;
			children = (
				3AA9ABAF1E16A97800F6ECF8 /* Assignment1UITests.swift */,
				3AA9ABB11E16A97800F6ECF8 /* Info.plist */,
			);
			path = Assignment1UITests;
			sourceTree = "<group>";
		};
		3AA9ABC11E16AA5600F6ECF8 /* Uilities */ = {
			isa = PBXGroup;
			children = (
				3AA9ABC21E16AA6E00F6ECF8 /* Constants.swift */,
				3AA9ABC71E16AE7600F6ECF8 /* Generals.swift */,
				3A7BA2BE1E190C6A00C79F39 /* Extensions.swift */,
			);
			name = Uilities;
			sourceTree = "<group>";
		};
		3AA9ABC41E16ABFA00F6ECF8 /* Framework */ = {
			isa = PBXGroup;
			children = (
				3AA9ABBD1E16A9D600F6ECF8 /* CoreLocation.framework */,
			);
			name = Framework;
			sourceTree = "<group>";
		};
		7C7F0B46B1B9A2A214F89AF1 /* Pods */ = {
			isa = PBXGroup;
			children = (
				B0ECE2EF1BA505B48F98C880 /* Pods-Assignment1.debug.xcconfig */,
				DC4BB32BB3C5BBBBAD271508 /* Pods-Assignment1.release.xcconfig */,
			);
			name = Pods;
			sourceTree = "<group>";
		};
		96F05E61702D31A55D09D786 /* Frameworks */ = {
			isa = PBXGroup;
			children = (
				F32430D05D358CB41B0110AB /* libPods-Assignment1.a */,
			);
			name = Frameworks;
			sourceTree = "<group>";
		};
/* End PBXGroup section */

/* Begin PBXNativeTarget section */
		3AA9AB8B1E16A97800F6ECF8 /* Assignment1 */ = {
			isa = PBXNativeTarget;
			buildConfigurationList = 3AA9ABB41E16A97800F6ECF8 /* Build configuration list for PBXNativeTarget "Assignment1" */;
			buildPhases = (
				7EB7C6D85A919B598E1F8510 /* [CP] Check Pods Manifest.lock */,
				3AA9AB881E16A97800F6ECF8 /* Sources */,
				3AA9AB891E16A97800F6ECF8 /* Frameworks */,
				3AA9AB8A1E16A97800F6ECF8 /* Resources */,
				53B4F9FB66D4A934C7AC9AD6 /* [CP] Embed Pods Frameworks */,
				2BB13BCC360A4B08E6B4AD10 /* [CP] Copy Pods Resources */,
			);
			buildRules = (
			);
			dependencies = (
			);
			name = Assignment1;
			productName = Assignment1;
			productReference = 3AA9AB8C1E16A97800F6ECF8 /* Assignment1.app */;
			productType = "com.apple.product-type.application";
		};
		3AA9AB9F1E16A97800F6ECF8 /* Assignment1Tests */ = {
			isa = PBXNativeTarget;
			buildConfigurationList = 3AA9ABB71E16A97800F6ECF8 /* Build configuration list for PBXNativeTarget "Assignment1Tests" */;
			buildPhases = (
				3AA9AB9C1E16A97800F6ECF8 /* Sources */,
				3AA9AB9D1E16A97800F6ECF8 /* Frameworks */,
				3AA9AB9E1E16A97800F6ECF8 /* Resources */,
			);
			buildRules = (
			);
			dependencies = (
				3AA9ABA21E16A97800F6ECF8 /* PBXTargetDependency */,
			);
			name = Assignment1Tests;
			productName = Assignment1Tests;
			productReference = 3AA9ABA01E16A97800F6ECF8 /* Assignment1Tests.xctest */;
			productType = "com.apple.product-type.bundle.unit-test";
		};
		3AA9ABAA1E16A97800F6ECF8 /* Assignment1UITests */ = {
			isa = PBXNativeTarget;
			buildConfigurationList = 3AA9ABBA1E16A97800F6ECF8 /* Build configuration list for PBXNativeTarget "Assignment1UITests" */;
			buildPhases = (
				3AA9ABA71E16A97800F6ECF8 /* Sources */,
				3AA9ABA81E16A97800F6ECF8 /* Frameworks */,
				3AA9ABA91E16A97800F6ECF8 /* Resources */,
			);
			buildRules = (
			);
			dependencies = (
				3AA9ABAD1E16A97800F6ECF8 /* PBXTargetDependency */,
			);
			name = Assignment1UITests;
			productName = Assignment1UITests;
			productReference = 3AA9ABAB1E16A97800F6ECF8 /* Assignment1UITests.xctest */;
			productType = "com.apple.product-type.bundle.ui-testing";
		};
/* End PBXNativeTarget section */

/* Begin PBXProject section */
		3AA9AB841E16A97800F6ECF8 /* Project object */ = {
			isa = PBXProject;
			attributes = {
				LastSwiftUpdateCheck = 0730;
				LastUpgradeCheck = 0730;
				ORGANIZATIONNAME = Vinupriya;
				TargetAttributes = {
					3AA9AB8B1E16A97800F6ECF8 = {
						CreatedOnToolsVersion = 7.3.1;
					};
					3AA9AB9F1E16A97800F6ECF8 = {
						CreatedOnToolsVersion = 7.3.1;
						TestTargetID = 3AA9AB8B1E16A97800F6ECF8;
					};
					3AA9ABAA1E16A97800F6ECF8 = {
						CreatedOnToolsVersion = 7.3.1;
						TestTargetID = 3AA9AB8B1E16A97800F6ECF8;
					};
				};
			};
			buildConfigurationList = 3AA9AB871E16A97800F6ECF8 /* Build configuration list for PBXProject "Assignment1" */;
			compatibilityVersion = "Xcode 3.2";
			developmentRegion = English;
			hasScannedForEncodings = 0;
			knownRegions = (
				en,
				Base,
			);
			mainGroup = 3AA9AB831E16A97800F6ECF8;
			productRefGroup = 3AA9AB8D1E16A97800F6ECF8 /* Products */;
			projectDirPath = "";
			projectRoot = "";
			targets = (
				3AA9AB8B1E16A97800F6ECF8 /* Assignment1 */,
				3AA9AB9F1E16A97800F6ECF8 /* Assignment1Tests */,
				3AA9ABAA1E16A97800F6ECF8 /* Assignment1UITests */,
			);
		};
/* End PBXProject section */

/* Begin PBXResourcesBuildPhase section */
		3AA9AB8A1E16A97800F6ECF8 /* Resources */ = {
			isa = PBXResourcesBuildPhase;
			buildActionMask = 2147483647;
			files = (
				3AA9AB9A1E16A97800F6ECF8 /* LaunchScreen.storyboard in Resources */,
				3AA9AB971E16A97800F6ECF8 /* Assets.xcassets in Resources */,
				3AA9AB951E16A97800F6ECF8 /* Main.storyboard in Resources */,
			);
			runOnlyForDeploymentPostprocessing = 0;
		};
		3AA9AB9E1E16A97800F6ECF8 /* Resources */ = {
			isa = PBXResourcesBuildPhase;
			buildActionMask = 2147483647;
			files = (
			);
			runOnlyForDeploymentPostprocessing = 0;
		};
		3AA9ABA91E16A97800F6ECF8 /* Resources */ = {
			isa = PBXResourcesBuildPhase;
			buildActionMask = 2147483647;
			files = (
			);
			runOnlyForDeploymentPostprocessing = 0;
		};
/* End PBXResourcesBuildPhase section */

/* Begin PBXShellScriptBuildPhase section */
		2BB13BCC360A4B08E6B4AD10 /* [CP] Copy Pods Resources */ = {
			isa = PBXShellScriptBuildPhase;
			buildActionMask = 2147483647;
			files = (
			);
			inputPaths = (
			);
			name = "[CP] Copy Pods Resources";
			outputPaths = (
			);
			runOnlyForDeploymentPostprocessing = 0;
			shellPath = /bin/sh;
			shellScript = "\"${SRCROOT}/Pods/Target Support Files/Pods-Assignment1/Pods-Assignment1-resources.sh\"\n";
			showEnvVarsInLog = 0;
		};
		53B4F9FB66D4A934C7AC9AD6 /* [CP] Embed Pods Frameworks */ = {
			isa = PBXShellScriptBuildPhase;
			buildActionMask = 2147483647;
			files = (
			);
			inputPaths = (
			);
			name = "[CP] Embed Pods Frameworks";
			outputPaths = (
			);
			runOnlyForDeploymentPostprocessing = 0;
			shellPath = /bin/sh;
			shellScript = "\"${SRCROOT}/Pods/Target Support Files/Pods-Assignment1/Pods-Assignment1-frameworks.sh\"\n";
			showEnvVarsInLog = 0;
		};
		7EB7C6D85A919B598E1F8510 /* [CP] Check Pods Manifest.lock */ = {
			isa = PBXShellScriptBuildPhase;
			buildActionMask = 2147483647;
			files = (
			);
			inputPaths = (
			);
			name = "[CP] Check Pods Manifest.lock";
			outputPaths = (
			);
			runOnlyForDeploymentPostprocessing = 0;
			shellPath = /bin/sh;
			shellScript = "diff \"${PODS_ROOT}/../Podfile.lock\" \"${PODS_ROOT}/Manifest.lock\" > /dev/null\nif [[ $? != 0 ]] ; then\n    cat << EOM\nerror: The sandbox is not in sync with the Podfile.lock. Run 'pod install' or update your CocoaPods installation.\nEOM\n    exit 1\nfi\n";
			showEnvVarsInLog = 0;
		};
/* End PBXShellScriptBuildPhase section */

/* Begin PBXSourcesBuildPhase section */
		3AA9AB881E16A97800F6ECF8 /* Sources */ = {
			isa = PBXSourcesBuildPhase;
			buildActionMask = 2147483647;
			files = (
				3A7BA2C21E190E7C00C79F39 /* Store.swift in Sources */,
				3AA9ABC81E16AE7600F6ECF8 /* Generals.swift in Sources */,
				3A7BA2BF1E190C6A00C79F39 /* Extensions.swift in Sources */,
				3A7BA2CF1E19220600C79F39 /* MapViewController.swift in Sources */,
				3AA9AB921E16A97800F6ECF8 /* ViewController.swift in Sources */,
				3AA9AB901E16A97800F6ECF8 /* AppDelegate.swift in Sources */,
				3AA9ABC61E16AE1000F6ECF8 /* UrlSession.swift in Sources */,
				3A7BA2C41E19102A00C79F39 /* ServiceHandler.swift in Sources */,
				3A7BA2D21E19283300C79F39 /* Toast.swift in Sources */,
				3AA9ABC31E16AA6E00F6ECF8 /* Constants.swift in Sources */,
				3A7BA2C71E191B5900C79F39 /* StoreCellTableViewCell.swift in Sources */,
			);
			runOnlyForDeploymentPostprocessing = 0;
		};
		3AA9AB9C1E16A97800F6ECF8 /* Sources */ = {
			isa = PBXSourcesBuildPhase;
			buildActionMask = 2147483647;
			files = (
				3AA9ABA51E16A97800F6ECF8 /* Assignment1Tests.swift in Sources */,
			);
			runOnlyForDeploymentPostprocessing = 0;
		};
		3AA9ABA71E16A97800F6ECF8 /* Sources */ = {
			isa = PBXSourcesBuildPhase;
			buildActionMask = 2147483647;
			files = (
				3AA9ABB01E16A97800F6ECF8 /* Assignment1UITests.swift in Sources */,
			);
			runOnlyForDeploymentPostprocessing = 0;
		};
/* End PBXSourcesBuildPhase section */

/* Begin PBXTargetDependency section */
		3AA9ABA21E16A97800F6ECF8 /* PBXTargetDependency */ = {
			isa = PBXTargetDependency;
			target = 3AA9AB8B1E16A97800F6ECF8 /* Assignment1 */;
			targetProxy = 3AA9ABA11E16A97800F6ECF8 /* PBXContainerItemProxy */;
		};
		3AA9ABAD1E16A97800F6ECF8 /* PBXTargetDependency */ = {
			isa = PBXTargetDependency;
			target = 3AA9AB8B1E16A97800F6ECF8 /* Assignment1 */;
			targetProxy = 3AA9ABAC1E16A97800F6ECF8 /* PBXContainerItemProxy */;
		};
/* End PBXTargetDependency section */

/* Begin PBXVariantGroup section */
		3AA9AB931E16A97800F6ECF8 /* Main.storyboard */ = {
			isa = PBXVariantGroup;
			children = (
				3AA9AB941E16A97800F6ECF8 /* Base */,
			);
			name = Main.storyboard;
			sourceTree = "<group>";
		};
		3AA9AB981E16A97800F6ECF8 /* LaunchScreen.storyboard */ = {
			isa = PBXVariantGroup;
			children = (
				3AA9AB991E16A97800F6ECF8 /* Base */,
			);
			name = LaunchScreen.storyboard;
			sourceTree = "<group>";
		};
/* End PBXVariantGroup section */

/* Begin XCBuildConfiguration section */
		3AA9ABB21E16A97800F6ECF8 /* Debug */ = {
			isa = XCBuildConfiguration;
			buildSettings = {
				ALWAYS_SEARCH_USER_PATHS = NO;
				CLANG_ANALYZER_NONNULL = YES;
				CLANG_CXX_LANGUAGE_STANDARD = "gnu++0x";
				CLANG_CXX_LIBRARY = "libc++";
				CLANG_ENABLE_MODULES = YES;
				CLANG_ENABLE_OBJC_ARC = YES;
				CLANG_WARN_BOOL_CONVERSION = YES;
				CLANG_WARN_CONSTANT_CONVERSION = YES;
				CLANG_WARN_DIRECT_OBJC_ISA_USAGE = YES_ERROR;
				CLANG_WARN_EMPTY_BODY = YES;
				CLANG_WARN_ENUM_CONVERSION = YES;
				CLANG_WARN_INT_CONVERSION = YES;
				CLANG_WARN_OBJC_ROOT_CLASS = YES_ERROR;
				CLANG_WARN_UNREACHABLE_CODE = YES;
				CLANG_WARN__DUPLICATE_METHOD_MATCH = YES;
				"CODE_SIGN_IDENTITY[sdk=iphoneos*]" = "iPhone Developer";
				COPY_PHASE_STRIP = NO;
				DEBUG_INFORMATION_FORMAT = dwarf;
				ENABLE_STRICT_OBJC_MSGSEND = YES;
				ENABLE_TESTABILITY = YES;
				GCC_C_LANGUAGE_STANDARD = gnu99;
				GCC_DYNAMIC_NO_PIC = NO;
				GCC_NO_COMMON_BLOCKS = YES;
				GCC_OPTIMIZATION_LEVEL = 0;
				GCC_PREPROCESSOR_DEFINITIONS = (
					"DEBUG=1",
					"$(inherited)",
				);
				GCC_WARN_64_TO_32_BIT_CONVERSION = YES;
				GCC_WARN_ABOUT_RETURN_TYPE = YES_ERROR;
				GCC_WARN_UNDECLARED_SELECTOR = YES;
				GCC_WARN_UNINITIALIZED_AUTOS = YES_AGGRESSIVE;
				GCC_WARN_UNUSED_FUNCTION = YES;
				GCC_WARN_UNUSED_VARIABLE = YES;
				IPHONEOS_DEPLOYMENT_TARGET = 9.3;
				MTL_ENABLE_DEBUG_INFO = YES;
				ONLY_ACTIVE_ARCH = YES;
				SDKROOT = iphoneos;
				SWIFT_OPTIMIZATION_LEVEL = "-Onone";
			};
			name = Debug;
		};
		3AA9ABB31E16A97800F6ECF8 /* Release */ = {
			isa = XCBuildConfiguration;
			buildSettings = {
				ALWAYS_SEARCH_USER_PATHS = NO;
				CLANG_ANALYZER_NONNULL = YES;
				CLANG_CXX_LANGUAGE_STANDARD = "gnu++0x";
				CLANG_CXX_LIBRARY = "libc++";
				CLANG_ENABLE_MODULES = YES;
				CLANG_ENABLE_OBJC_ARC = YES;
				CLANG_WARN_BOOL_CONVERSION = YES;
				CLANG_WARN_CONSTANT_CONVERSION = YES;
				CLANG_WARN_DIRECT_OBJC_ISA_USAGE = YES_ERROR;
				CLANG_WARN_EMPTY_BODY = YES;
				CLANG_WARN_ENUM_CONVERSION = YES;
				CLANG_WARN_INT_CONVERSION = YES;
				CLANG_WARN_OBJC_ROOT_CLASS = YES_ERROR;
				CLANG_WARN_UNREACHABLE_CODE = YES;
				CLANG_WARN__DUPLICATE_METHOD_MATCH = YES;
				"CODE_SIGN_IDENTITY[sdk=iphoneos*]" = "iPhone Developer";
				COPY_PHASE_STRIP = NO;
				DEBUG_INFORMATION_FORMAT = "dwarf-with-dsym";
				ENABLE_NS_ASSERTIONS = NO;
				ENABLE_STRICT_OBJC_MSGSEND = YES;
				GCC_C_LANGUAGE_STANDARD = gnu99;
				GCC_NO_COMMON_BLOCKS = YES;
				GCC_WARN_64_TO_32_BIT_CONVERSION = YES;
				GCC_WARN_ABOUT_RETURN_TYPE = YES_ERROR;
				GCC_WARN_UNDECLARED_SELECTOR = YES;
				GCC_WARN_UNINITIALIZED_AUTOS = YES_AGGRESSIVE;
				GCC_WARN_UNUSED_FUNCTION = YES;
				GCC_WARN_UNUSED_VARIABLE = YES;
				IPHONEOS_DEPLOYMENT_TARGET = 9.3;
				MTL_ENABLE_DEBUG_INFO = NO;
				SDKROOT = iphoneos;
				VALIDATE_PRODUCT = YES;
			};
			name = Release;
		};
		3AA9ABB51E16A97800F6ECF8 /* Debug */ = {
			isa = XCBuildConfiguration;
			baseConfigurationReference = B0ECE2EF1BA505B48F98C880 /* Pods-Assignment1.debug.xcconfig */;
			buildSettings = {
				ASSETCATALOG_COMPILER_APPICON_NAME = AppIcon;
				CLANG_ENABLE_MODULES = YES;
				INFOPLIST_FILE = Assignment1/Info.plist;
				LD_RUNPATH_SEARCH_PATHS = "$(inherited) @executable_path/Frameworks";
				PRODUCT_BUNDLE_IDENTIFIER = vinupriya.Assignment1;
				PRODUCT_NAME = "$(TARGET_NAME)";
				SWIFT_OBJC_BRIDGING_HEADER = "Assignment1-Bridging-Header.h";
				SWIFT_OPTIMIZATION_LEVEL = "-Onone";
			};
			name = Debug;
		};
		3AA9ABB61E16A97800F6ECF8 /* Release */ = {
			isa = XCBuildConfiguration;
			baseConfigurationReference = DC4BB32BB3C5BBBBAD271508 /* Pods-Assignment1.release.xcconfig */;
			buildSettings = {
				ASSETCATALOG_COMPILER_APPICON_NAME = AppIcon;
				CLANG_ENABLE_MODULES = YES;
				INFOPLIST_FILE = Assignment1/Info.plist;
				LD_RUNPATH_SEARCH_PATHS = "$(inherited) @executable_path/Frameworks";
				PRODUCT_BUNDLE_IDENTIFIER = vinupriya.Assignment1;
				PRODUCT_NAME = "$(TARGET_NAME)";
				SWIFT_OBJC_BRIDGING_HEADER = "Assignment1-Bridging-Header.h";
			};
			name = Release;
		};
		3AA9ABB81E16A97800F6ECF8 /* Debug */ = {
			isa = XCBuildConfiguration;
			buildSettings = {
				BUNDLE_LOADER = "$(TEST_HOST)";
				INFOPLIST_FILE = Assignment1Tests/Info.plist;
				LD_RUNPATH_SEARCH_PATHS = "$(inherited) @executable_path/Frameworks @loader_path/Frameworks";
				PRODUCT_BUNDLE_IDENTIFIER = vinupriya.Assignment1Tests;
				PRODUCT_NAME = "$(TARGET_NAME)";
				TEST_HOST = "$(BUILT_PRODUCTS_DIR)/Assignment1.app/Assignment1";
			};
			name = Debug;
		};
		3AA9ABB91E16A97800F6ECF8 /* Release */ = {
			isa = XCBuildConfiguration;
			buildSettings = {
				BUNDLE_LOADER = "$(TEST_HOST)";
				INFOPLIST_FILE = Assignment1Tests/Info.plist;
				LD_RUNPATH_SEARCH_PATHS = "$(inherited) @executable_path/Frameworks @loader_path/Frameworks";
				PRODUCT_BUNDLE_IDENTIFIER = vinupriya.Assignment1Tests;
				PRODUCT_NAME = "$(TARGET_NAME)";
				TEST_HOST = "$(BUILT_PRODUCTS_DIR)/Assignment1.app/Assignment1";
			};
			name = Release;
		};
		3AA9ABBB1E16A97800F6ECF8 /* Debug */ = {
			isa = XCBuildConfiguration;
			buildSettings = {
				INFOPLIST_FILE = Assignment1UITests/Info.plist;
				LD_RUNPATH_SEARCH_PATHS = "$(inherited) @executable_path/Frameworks @loader_path/Frameworks";
				PRODUCT_BUNDLE_IDENTIFIER = vinupriya.Assignment1UITests;
				PRODUCT_NAME = "$(TARGET_NAME)";
				TEST_TARGET_NAME = Assignment1;
			};
			name = Debug;
		};
		3AA9ABBC1E16A97800F6ECF8 /* Release */ = {
			isa = XCBuildConfiguration;
			buildSettings = {
				INFOPLIST_FILE = Assignment1UITests/Info.plist;
				LD_RUNPATH_SEARCH_PATHS = "$(inherited) @executable_path/Frameworks @loader_path/Frameworks";
				PRODUCT_BUNDLE_IDENTIFIER = vinupriya.Assignment1UITests;
				PRODUCT_NAME = "$(TARGET_NAME)";
				TEST_TARGET_NAME = Assignment1;
			};
			name = Release;
		};
/* End XCBuildConfiguration section */

/* Begin XCConfigurationList section */
		3AA9AB871E16A97800F6ECF8 /* Build configuration list for PBXProject "Assignment1" */ = {
			isa = XCConfigurationList;
			buildConfigurations = (
				3AA9ABB21E16A97800F6ECF8 /* Debug */,
				3AA9ABB31E16A97800F6ECF8 /* Release */,
			);
			defaultConfigurationIsVisible = 0;
			defaultConfigurationName = Release;
		};
		3AA9ABB41E16A97800F6ECF8 /* Build configuration list for PBXNativeTarget "Assignment1" */ = {
			isa = XCConfigurationList;
			buildConfigurations = (
				3AA9ABB51E16A97800F6ECF8 /* Debug */,
				3AA9ABB61E16A97800F6ECF8 /* Release */,
			);
			defaultConfigurationIsVisible = 0;
			defaultConfigurationName = Release;
		};
		3AA9ABB71E16A97800F6ECF8 /* Build configuration list for PBXNativeTarget "Assignment1Tests" */ = {
			isa = XCConfigurationList;
			buildConfigurations = (
				3AA9ABB81E16A97800F6ECF8 /* Debug */,
				3AA9ABB91E16A97800F6ECF8 /* Release */,
			);
			defaultConfigurationIsVisible = 0;
			defaultConfigurationName = Release;
		};
		3AA9ABBA1E16A97800F6ECF8 /* Build configuration list for PBXNativeTarget "Assignment1UITests" */ = {
			isa = XCConfigurationList;
			buildConfigurations = (
				3AA9ABBB1E16A97800F6ECF8 /* Debug */,
				3AA9ABBC1E16A97800F6ECF8 /* Release */,
			);
			defaultConfigurationIsVisible = 0;
			defaultConfigurationName = Release;
		};
/* End XCConfigurationList section */
	};
	rootObject = 3AA9AB841E16A97800F6ECF8 /* Project object */;
}
